// !$*UTF8*$!
{
	archiveVersion = 1;
	classes = {
	};
	objectVersion = 55;
	objects = {

/* Begin PBXBuildFile section */
		4CB80C24F5488135AC2E3C77 /* Pods_CovidAlarm.framework in Frameworks */ = {isa = PBXBuildFile; fileRef = 9701930835093101DA91495A /* Pods_CovidAlarm.framework */; };
		877B3E112941E03800DB45D5 /* CovidDetailViewController.swift in Sources */ = {isa = PBXBuildFile; fileRef = 877B3E102941E03800DB45D5 /* CovidDetailViewController.swift */; };
		877B3E132941E2CE00DB45D5 /* CityCovidOverview.swift in Sources */ = {isa = PBXBuildFile; fileRef = 877B3E122941E2CE00DB45D5 /* CityCovidOverview.swift */; };
		877B3E152941EB3C00DB45D5 /* covidServiceKey.plist in Resources */ = {isa = PBXBuildFile; fileRef = 877B3E142941EB3C00DB45D5 /* covidServiceKey.plist */; };
		87F5D7B62941D45D009D3641 /* AppDelegate.swift in Sources */ = {isa = PBXBuildFile; fileRef = 87F5D7B52941D45D009D3641 /* AppDelegate.swift */; };
		87F5D7B82941D45D009D3641 /* SceneDelegate.swift in Sources */ = {isa = PBXBuildFile; fileRef = 87F5D7B72941D45D009D3641 /* SceneDelegate.swift */; };
		87F5D7BA2941D45D009D3641 /* ViewController.swift in Sources */ = {isa = PBXBuildFile; fileRef = 87F5D7B92941D45D009D3641 /* ViewController.swift */; };
		87F5D7BD2941D45D009D3641 /* Main.storyboard in Resources */ = {isa = PBXBuildFile; fileRef = 87F5D7BB2941D45D009D3641 /* Main.storyboard */; };
		87F5D7BF2941D461009D3641 /* Assets.xcassets in Resources */ = {isa = PBXBuildFile; fileRef = 87F5D7BE2941D461009D3641 /* Assets.xcassets */; };
		87F5D7C22941D461009D3641 /* LaunchScreen.storyboard in Resources */ = {isa = PBXBuildFile; fileRef = 87F5D7C02941D461009D3641 /* LaunchScreen.storyboard */; };
/* End PBXBuildFile section */

/* Begin PBXFileReference section */
		108B27A935E8FCFF34AE7B30 /* Pods-CovidAlarm.release.xcconfig */ = {isa = PBXFileReference; includeInIndex = 1; lastKnownFileType = text.xcconfig; name = "Pods-CovidAlarm.release.xcconfig"; path = "Target Support Files/Pods-CovidAlarm/Pods-CovidAlarm.release.xcconfig"; sourceTree = "<group>"; };
		877B3E102941E03800DB45D5 /* CovidDetailViewController.swift */ = {isa = PBXFileReference; lastKnownFileType = sourcecode.swift; path = CovidDetailViewController.swift; sourceTree = "<group>"; };
		877B3E122941E2CE00DB45D5 /* CityCovidOverview.swift */ = {isa = PBXFileReference; lastKnownFileType = sourcecode.swift; path = CityCovidOverview.swift; sourceTree = "<group>"; };
		877B3E142941EB3C00DB45D5 /* covidServiceKey.plist */ = {isa = PBXFileReference; lastKnownFileType = text.plist.xml; path = covidServiceKey.plist; sourceTree = "<group>"; };
		87F5D7B22941D45D009D3641 /* CovidAlarm.app */ = {isa = PBXFileReference; explicitFileType = wrapper.application; includeInIndex = 0; path = CovidAlarm.app; sourceTree = BUILT_PRODUCTS_DIR; };
		87F5D7B52941D45D009D3641 /* AppDelegate.swift */ = {isa = PBXFileReference; lastKnownFileType = sourcecode.swift; path = AppDelegate.swift; sourceTree = "<group>"; };
		87F5D7B72941D45D009D3641 /* SceneDelegate.swift */ = {isa = PBXFileReference; lastKnownFileType = sourcecode.swift; path = SceneDelegate.swift; sourceTree = "<group>"; };
		87F5D7B92941D45D009D3641 /* ViewController.swift */ = {isa = PBXFileReference; lastKnownFileType = sourcecode.swift; path = ViewController.swift; sourceTree = "<group>"; };
		87F5D7BC2941D45D009D3641 /* Base */ = {isa = PBXFileReference; lastKnownFileType = file.storyboard; name = Base; path = Base.lproj/Main.storyboard; sourceTree = "<group>"; };
		87F5D7BE2941D461009D3641 /* Assets.xcassets */ = {isa = PBXFileReference; lastKnownFileType = folder.assetcatalog; path = Assets.xcassets; sourceTree = "<group>"; };
		87F5D7C12941D461009D3641 /* Base */ = {isa = PBXFileReference; lastKnownFileType = file.storyboard; name = Base; path = Base.lproj/LaunchScreen.storyboard; sourceTree = "<group>"; };
		87F5D7C32941D461009D3641 /* Info.plist */ = {isa = PBXFileReference; lastKnownFileType = text.plist.xml; path = Info.plist; sourceTree = "<group>"; };
		9701930835093101DA91495A /* Pods_CovidAlarm.framework */ = {isa = PBXFileReference; explicitFileType = wrapper.framework; includeInIndex = 0; path = Pods_CovidAlarm.framework; sourceTree = BUILT_PRODUCTS_DIR; };
		CE3153DD76B562D93922C477 /* Pods-CovidAlarm.debug.xcconfig */ = {isa = PBXFileReference; includeInIndex = 1; lastKnownFileType = text.xcconfig; name = "Pods-CovidAlarm.debug.xcconfig"; path = "Target Support Files/Pods-CovidAlarm/Pods-CovidAlarm.debug.xcconfig"; sourceTree = "<group>"; };
/* End PBXFileReference section */

/* Begin PBXFrameworksBuildPhase section */
		87F5D7AF2941D45D009D3641 /* Frameworks */ = {
			isa = PBXFrameworksBuildPhase;
			buildActionMask = 2147483647;
			files = (
				4CB80C24F5488135AC2E3C77 /* Pods_CovidAlarm.framework in Frameworks */,
			);
			runOnlyForDeploymentPostprocessing = 0;
		};
/* End PBXFrameworksBuildPhase section */

/* Begin PBXGroup section */
		2D4B444768646852B202C480 /* Pods */ = {
			isa = PBXGroup;
			children = (
				CE3153DD76B562D93922C477 /* Pods-CovidAlarm.debug.xcconfig */,
				108B27A935E8FCFF34AE7B30 /* Pods-CovidAlarm.release.xcconfig */,
			);
			path = Pods;
			sourceTree = "<group>";
		};
		87F5D7A92941D45D009D3641 = {
			isa = PBXGroup;
			children = (
				87F5D7B42941D45D009D3641 /* CovidAlarm */,
				87F5D7B32941D45D009D3641 /* Products */,
				2D4B444768646852B202C480 /* Pods */,
				D6C27B91FF99B3D674D6C569 /* Frameworks */,
			);
			sourceTree = "<group>";
		};
		87F5D7B32941D45D009D3641 /* Products */ = {
			isa = PBXGroup;
			children = (
				87F5D7B22941D45D009D3641 /* CovidAlarm.app */,
			);
			name = Products;
			sourceTree = "<group>";
		};
		87F5D7B42941D45D009D3641 /* CovidAlarm */ = {
			isa = PBXGroup;
			children = (
				87F5D7B52941D45D009D3641 /* AppDelegate.swift */,
				87F5D7B72941D45D009D3641 /* SceneDelegate.swift */,
				87F5D7B92941D45D009D3641 /* ViewController.swift */,
				87F5D7BB2941D45D009D3641 /* Main.storyboard */,
				87F5D7BE2941D461009D3641 /* Assets.xcassets */,
				87F5D7C02941D461009D3641 /* LaunchScreen.storyboard */,
				87F5D7C32941D461009D3641 /* Info.plist */,
				877B3E102941E03800DB45D5 /* CovidDetailViewController.swift */,
				877B3E122941E2CE00DB45D5 /* CityCovidOverview.swift */,
				877B3E142941EB3C00DB45D5 /* covidServiceKey.plist */,
			);
			path = CovidAlarm;
			sourceTree = "<group>";
		};
		D6C27B91FF99B3D674D6C569 /* Frameworks */ = {
			isa = PBXGroup;
			children = (
				9701930835093101DA91495A /* Pods_CovidAlarm.framework */,
			);
			name = Frameworks;
			sourceTree = "<group>";
		};
/* End PBXGroup section */

/* Begin PBXNativeTarget section */
		87F5D7B12941D45D009D3641 /* CovidAlarm */ = {
			isa = PBXNativeTarget;
			buildConfigurationList = 87F5D7C62941D461009D3641 /* Build configuration list for PBXNativeTarget "CovidAlarm" */;
			buildPhases = (
				9CB44007AA2B2E46A34A87DE /* [CP] Check Pods Manifest.lock */,
				87F5D7AE2941D45D009D3641 /* Sources */,
				87F5D7AF2941D45D009D3641 /* Frameworks */,
				87F5D7B02941D45D009D3641 /* Resources */,
				9EB704A4001E31FFF49230B5 /* [CP] Embed Pods Frameworks */,
			);
			buildRules = (
			);
			dependencies = (
			);
			name = CovidAlarm;
			productName = CovidAlarm;
			productReference = 87F5D7B22941D45D009D3641 /* CovidAlarm.app */;
			productType = "com.apple.product-type.application";
		};
/* End PBXNativeTarget section */

/* Begin PBXProject section */
		87F5D7AA2941D45D009D3641 /* Project object */ = {
			isa = PBXProject;
			attributes = {
				BuildIndependentTargetsInParallel = 1;
				LastSwiftUpdateCheck = 1340;
				LastUpgradeCheck = 1340;
				TargetAttributes = {
					87F5D7B12941D45D009D3641 = {
						CreatedOnToolsVersion = 13.4.1;
					};
				};
			};
			buildConfigurationList = 87F5D7AD2941D45D009D3641 /* Build configuration list for PBXProject "CovidAlarm" */;
			compatibilityVersion = "Xcode 13.0";
			developmentRegion = en;
			hasScannedForEncodings = 0;
			knownRegions = (
				en,
				Base,
			);
			mainGroup = 87F5D7A92941D45D009D3641;
			productRefGroup = 87F5D7B32941D45D009D3641 /* Products */;
			projectDirPath = "";
			projectRoot = "";
			targets = (
				87F5D7B12941D45D009D3641 /* CovidAlarm */,
			);
		};
/* End PBXProject section */

/* Begin PBXResourcesBuildPhase section */
		87F5D7B02941D45D009D3641 /* Resources */ = {
			isa = PBXResourcesBuildPhase;
			buildActionMask = 2147483647;
			files = (
				87F5D7C22941D461009D3641 /* LaunchScreen.storyboard in Resources */,
				87F5D7BF2941D461009D3641 /* Assets.xcassets in Resources */,
				877B3E152941EB3C00DB45D5 /* covidServiceKey.plist in Resources */,
				87F5D7BD2941D45D009D3641 /* Main.storyboard in Resources */,
			);
			runOnlyForDeploymentPostprocessing = 0;
		};
/* End PBXResourcesBuildPhase section */

/* Begin PBXShellScriptBuildPhase section */
		9CB44007AA2B2E46A34A87DE /* [CP] Check Pods Manifest.lock */ = {
			isa = PBXShellScriptBuildPhase;
			buildActionMask = 2147483647;
			files = (
			);
			inputFileListPaths = (
			);
			inputPaths = (
				"${PODS_PODFILE_DIR_PATH}/Podfile.lock",
				"${PODS_ROOT}/Manifest.lock",
			);
			name = "[CP] Check Pods Manifest.lock";
			outputFileListPaths = (
			);
			outputPaths = (
				"$(DERIVED_FILE_DIR)/Pods-CovidAlarm-checkManifestLockResult.txt",
			);
			runOnlyForDeploymentPostprocessing = 0;
			shellPath = /bin/sh;
			shellScript = "diff \"${PODS_PODFILE_DIR_PATH}/Podfile.lock\" \"${PODS_ROOT}/Manifest.lock\" > /dev/null\nif [ $? != 0 ] ; then\n    # print error to STDERR\n    echo \"error: The sandbox is not in sync with the Podfile.lock. Run 'pod install' or update your CocoaPods installation.\" >&2\n    exit 1\nfi\n# This output is used by Xcode 'outputs' to avoid re-running this script phase.\necho \"SUCCESS\" > \"${SCRIPT_OUTPUT_FILE_0}\"\n";
			showEnvVarsInLog = 0;
		};
		9EB704A4001E31FFF49230B5 /* [CP] Embed Pods Frameworks */ = {
			isa = PBXShellScriptBuildPhase;
			buildActionMask = 2147483647;
			files = (
			);
			inputFileListPaths = (
				"${PODS_ROOT}/Target Support Files/Pods-CovidAlarm/Pods-CovidAlarm-frameworks-${CONFIGURATION}-input-files.xcfilelist",
			);
			name = "[CP] Embed Pods Frameworks";
			outputFileListPaths = (
				"${PODS_ROOT}/Target Support Files/Pods-CovidAlarm/Pods-CovidAlarm-frameworks-${CONFIGURATION}-output-files.xcfilelist",
			);
			runOnlyForDeploymentPostprocessing = 0;
			shellPath = /bin/sh;
			shellScript = "\"${PODS_ROOT}/Target Support Files/Pods-CovidAlarm/Pods-CovidAlarm-frameworks.sh\"\n";
			showEnvVarsInLog = 0;
		};
/* End PBXShellScriptBuildPhase section */

/* Begin PBXSourcesBuildPhase section */
		87F5D7AE2941D45D009D3641 /* Sources */ = {
			isa = PBXSourcesBuildPhase;
			buildActionMask = 2147483647;
			files = (
				87F5D7BA2941D45D009D3641 /* ViewController.swift in Sources */,
				877B3E112941E03800DB45D5 /* CovidDetailViewController.swift in Sources */,
				87F5D7B62941D45D009D3641 /* AppDelegate.swift in Sources */,
				877B3E132941E2CE00DB45D5 /* CityCovidOverview.swift in Sources */,
				87F5D7B82941D45D009D3641 /* SceneDelegate.swift in Sources */,
			);
			runOnlyForDeploymentPostprocessing = 0;
		};
/* End PBXSourcesBuildPhase section */

/* Begin PBXVariantGroup section */
		87F5D7BB2941D45D009D3641 /* Main.storyboard */ = {
			isa = PBXVariantGroup;
			children = (
				87F5D7BC2941D45D009D3641 /* Base */,
			);
			name = Main.storyboard;
			sourceTree = "<group>";
		};
		87F5D7C02941D461009D3641 /* LaunchScreen.storyboard */ = {
			isa = PBXVariantGroup;
			children = (
				87F5D7C12941D461009D3641 /* Base */,
			);
			name = LaunchScreen.storyboard;
			sourceTree = "<group>";
		};
/* End PBXVariantGroup section */

/* Begin XCBuildConfiguration section */
		87F5D7C42941D461009D3641 /* Debug */ = {
			isa = XCBuildConfiguration;
			buildSettings = {
				ALWAYS_SEARCH_USER_PATHS = NO;
				CLANG_ANALYZER_NONNULL = YES;
				CLANG_ANALYZER_NUMBER_OBJECT_CONVERSION = YES_AGGRESSIVE;
				CLANG_CXX_LANGUAGE_STANDARD = "gnu++17";
				CLANG_ENABLE_MODULES = YES;
				CLANG_ENABLE_OBJC_ARC = YES;
				CLANG_ENABLE_OBJC_WEAK = YES;
				CLANG_WARN_BLOCK_CAPTURE_AUTORELEASING = YES;
				CLANG_WARN_BOOL_CONVERSION = YES;
				CLANG_WARN_COMMA = YES;
				CLANG_WARN_CONSTANT_CONVERSION = YES;
				CLANG_WARN_DEPRECATED_OBJC_IMPLEMENTATIONS = YES;
				CLANG_WARN_DIRECT_OBJC_ISA_USAGE = YES_ERROR;
				CLANG_WARN_DOCUMENTATION_COMMENTS = YES;
				CLANG_WARN_EMPTY_BODY = YES;
				CLANG_WARN_ENUM_CONVERSION = YES;
				CLANG_WARN_INFINITE_RECURSION = YES;
				CLANG_WARN_INT_CONVERSION = YES;
				CLANG_WARN_NON_LITERAL_NULL_CONVERSION = YES;
				CLANG_WARN_OBJC_IMPLICIT_RETAIN_SELF = YES;
				CLANG_WARN_OBJC_LITERAL_CONVERSION = YES;
				CLANG_WARN_OBJC_ROOT_CLASS = YES_ERROR;
				CLANG_WARN_QUOTED_INCLUDE_IN_FRAMEWORK_HEADER = YES;
				CLANG_WARN_RANGE_LOOP_ANALYSIS = YES;
				CLANG_WARN_STRICT_PROTOTYPES = YES;
				CLANG_WARN_SUSPICIOUS_MOVE = YES;
				CLANG_WARN_UNGUARDED_AVAILABILITY = YES_AGGRESSIVE;
				CLANG_WARN_UNREACHABLE_CODE = YES;
				CLANG_WARN__DUPLICATE_METHOD_MATCH = YES;
				COPY_PHASE_STRIP = NO;
				DEBUG_INFORMATION_FORMAT = dwarf;
				ENABLE_STRICT_OBJC_MSGSEND = YES;
				ENABLE_TESTABILITY = YES;
				GCC_C_LANGUAGE_STANDARD = gnu11;
				GCC_DYNAMIC_NO_PIC = NO;
				GCC_NO_COMMON_BLOCKS = YES;
				GCC_OPTIMIZATION_LEVEL = 0;
				GCC_PREPROCESSOR_DEFINITIONS = (
					"DEBUG=1",
					"$(inherited)",
				);
				GCC_WARN_64_TO_32_BIT_CONVERSION = YES;
				GCC_WARN_ABOUT_RETURN_TYPE = YES_ERROR;
				GCC_WARN_UNDECLARED_SELECTOR = YES;
				GCC_WARN_UNINITIALIZED_AUTOS = YES_AGGRESSIVE;
				GCC_WARN_UNUSED_FUNCTION = YES;
				GCC_WARN_UNUSED_VARIABLE = YES;
				IPHONEOS_DEPLOYMENT_TARGET = 15.5;
				MTL_ENABLE_DEBUG_INFO = INCLUDE_SOURCE;
				MTL_FAST_MATH = YES;
				ONLY_ACTIVE_ARCH = YES;
				SDKROOT = iphoneos;
				SWIFT_ACTIVE_COMPILATION_CONDITIONS = DEBUG;
				SWIFT_OPTIMIZATION_LEVEL = "-Onone";
			};
			name = Debug;
		};
		87F5D7C52941D461009D3641 /* Release */ = {
			isa = XCBuildConfiguration;
			buildSettings = {
				ALWAYS_SEARCH_USER_PATHS = NO;
				CLANG_ANALYZER_NONNULL = YES;
				CLANG_ANALYZER_NUMBER_OBJECT_CONVERSION = YES_AGGRESSIVE;
				CLANG_CXX_LANGUAGE_STANDARD = "gnu++17";
				CLANG_ENABLE_MODULES = YES;
				CLANG_ENABLE_OBJC_ARC = YES;
				CLANG_ENABLE_OBJC_WEAK = YES;
				CLANG_WARN_BLOCK_CAPTURE_AUTORELEASING = YES;
				CLANG_WARN_BOOL_CONVERSION = YES;
				CLANG_WARN_COMMA = YES;
				CLANG_WARN_CONSTANT_CONVERSION = YES;
				CLANG_WARN_DEPRECATED_OBJC_IMPLEMENTATIONS = YES;
				CLANG_WARN_DIRECT_OBJC_ISA_USAGE = YES_ERROR;
				CLANG_WARN_DOCUMENTATION_COMMENTS = YES;
				CLANG_WARN_EMPTY_BODY = YES;
				CLANG_WARN_ENUM_CONVERSION = YES;
				CLANG_WARN_INFINITE_RECURSION = YES;
				CLANG_WARN_INT_CONVERSION = YES;
				CLANG_WARN_NON_LITERAL_NULL_CONVERSION = YES;
				CLANG_WARN_OBJC_IMPLICIT_RETAIN_SELF = YES;
				CLANG_WARN_OBJC_LITERAL_CONVERSION = YES;
				CLANG_WARN_OBJC_ROOT_CLASS = YES_ERROR;
				CLANG_WARN_QUOTED_INCLUDE_IN_FRAMEWORK_HEADER = YES;
				CLANG_WARN_RANGE_LOOP_ANALYSIS = YES;
				CLANG_WARN_STRICT_PROTOTYPES = YES;
				CLANG_WARN_SUSPICIOUS_MOVE = YES;
				CLANG_WARN_UNGUARDED_AVAILABILITY = YES_AGGRESSIVE;
				CLANG_WARN_UNREACHABLE_CODE = YES;
				CLANG_WARN__DUPLICATE_METHOD_MATCH = YES;
				COPY_PHASE_STRIP = NO;
				DEBUG_INFORMATION_FORMAT = "dwarf-with-dsym";
				ENABLE_NS_ASSERTIONS = NO;
				ENABLE_STRICT_OBJC_MSGSEND = YES;
				GCC_C_LANGUAGE_STANDARD = gnu11;
				GCC_NO_COMMON_BLOCKS = YES;
				GCC_WARN_64_TO_32_BIT_CONVERSION = YES;
				GCC_WARN_ABOUT_RETURN_TYPE = YES_ERROR;
				GCC_WARN_UNDECLARED_SELECTOR = YES;
				GCC_WARN_UNINITIALIZED_AUTOS = YES_AGGRESSIVE;
				GCC_WARN_UNUSED_FUNCTION = YES;
				GCC_WARN_UNUSED_VARIABLE = YES;
				IPHONEOS_DEPLOYMENT_TARGET = 15.5;
				MTL_ENABLE_DEBUG_INFO = NO;
				MTL_FAST_MATH = YES;
				SDKROOT = iphoneos;
				SWIFT_COMPILATION_MODE = wholemodule;
				SWIFT_OPTIMIZATION_LEVEL = "-O";
				VALIDATE_PRODUCT = YES;
			};
			name = Release;
		};
		87F5D7C72941D461009D3641 /* Debug */ = {
			isa = XCBuildConfiguration;
			baseConfigurationReference = CE3153DD76B562D93922C477 /* Pods-CovidAlarm.debug.xcconfig */;
			buildSettings = {
				ASSETCATALOG_COMPILER_APPICON_NAME = AppIcon;
				ASSETCATALOG_COMPILER_GLOBAL_ACCENT_COLOR_NAME = AccentColor;
				CODE_SIGN_STYLE = Automatic;
				CURRENT_PROJECT_VERSION = 1;
				DEVELOPMENT_TEAM = U56QVJ4XLS;
				GENERATE_INFOPLIST_FILE = YES;
				INFOPLIST_FILE = CovidAlarm/Info.plist;
				INFOPLIST_KEY_UIApplicationSupportsIndirectInputEvents = YES;
				INFOPLIST_KEY_UILaunchStoryboardName = LaunchScreen;
				INFOPLIST_KEY_UIMainStoryboardFile = Main;
				INFOPLIST_KEY_UISupportedInterfaceOrientations_iPad = "UIInterfaceOrientationPortrait UIInterfaceOrientationPortraitUpsideDown UIInterfaceOrientationLandscapeLeft UIInterfaceOrientationLandscapeRight";
				INFOPLIST_KEY_UISupportedInterfaceOrientations_iPhone = "UIInterfaceOrientationPortrait UIInterfaceOrientationLandscapeLeft UIInterfaceOrientationLandscapeRight";
				LD_RUNPATH_SEARCH_PATHS = (
					"$(inherited)",
					"@executable_path/Frameworks",
				);
				MARKETING_VERSION = 1.0;
				PRODUCT_BUNDLE_IDENTIFIER = com.seohyun.iOSApp.CovidAlarm;
				PRODUCT_NAME = "$(TARGET_NAME)";
				SWIFT_EMIT_LOC_STRINGS = YES;
				SWIFT_VERSION = 5.0;
				TARGETED_DEVICE_FAMILY = "1,2";
			};
			name = Debug;
		};
		87F5D7C82941D461009D3641 /* Release */ = {
			isa = XCBuildConfiguration;
			baseConfigurationReference = 108B27A935E8FCFF34AE7B30 /* Pods-CovidAlarm.release.xcconfig */;
			buildSettings = {
				ASSETCATALOG_COMPILER_APPICON_NAME = AppIcon;
				ASSETCATALOG_COMPILER_GLOBAL_ACCENT_COLOR_NAME = AccentColor;
				CODE_SIGN_STYLE = Automatic;
				CURRENT_PROJECT_VERSION = 1;
				DEVELOPMENT_TEAM = U56QVJ4XLS;
				GENERATE_INFOPLIST_FILE = YES;
				INFOPLIST_FILE = CovidAlarm/Info.plist;
				INFOPLIST_KEY_UIApplicationSupportsIndirectInputEvents = YES;
				INFOPLIST_KEY_UILaunchStoryboardName = LaunchScreen;
				INFOPLIST_KEY_UIMainStoryboardFile = Main;
				INFOPLIST_KEY_UISupportedInterfaceOrientations_iPad = "UIInterfaceOrientationPortrait UIInterfaceOrientationPortraitUpsideDown UIInterfaceOrientationLandscapeLeft UIInterfaceOrientationLandscapeRight";
				INFOPLIST_KEY_UISupportedInterfaceOrientations_iPhone = "UIInterfaceOrientationPortrait UIInterfaceOrientationLandscapeLeft UIInterfaceOrientationLandscapeRight";
				LD_RUNPATH_SEARCH_PATHS = (
					"$(inherited)",
					"@executable_path/Frameworks",
				);
				MARKETING_VERSION = 1.0;
				PRODUCT_BUNDLE_IDENTIFIER = com.seohyun.iOSApp.CovidAlarm;
				PRODUCT_NAME = "$(TARGET_NAME)";
				SWIFT_EMIT_LOC_STRINGS = YES;
				SWIFT_VERSION = 5.0;
				TARGETED_DEVICE_FAMILY = "1,2";
			};
			name = Release;
		};
/* End XCBuildConfiguration section */

/* Begin XCConfigurationList section */
		87F5D7AD2941D45D009D3641 /* Build configuration list for PBXProject "CovidAlarm" */ = {
			isa = XCConfigurationList;
			buildConfigurations = (
				87F5D7C42941D461009D3641 /* Debug */,
				87F5D7C52941D461009D3641 /* Release */,
			);
			defaultConfigurationIsVisible = 0;
			defaultConfigurationName = Release;
		};
		87F5D7C62941D461009D3641 /* Build configuration list for PBXNativeTarget "CovidAlarm" */ = {
			isa = XCConfigurationList;
			buildConfigurations = (
				87F5D7C72941D461009D3641 /* Debug */,
				87F5D7C82941D461009D3641 /* Release */,
			);
			defaultConfigurationIsVisible = 0;
			defaultConfigurationName = Release;
		};
/* End XCConfigurationList section */
	};
	rootObject = 87F5D7AA2941D45D009D3641 /* Project object */;
}
