// !$*UTF8*$!
{
	archiveVersion = 1;
	classes = {
	};
	objectVersion = 56;
	objects = {

/* Begin PBXBuildFile section */
		1A564B852B7FED1B00D8B6A7 /* AppDelegate.swift in Sources */ = {isa = PBXBuildFile; fileRef = 1A564B842B7FED1B00D8B6A7 /* AppDelegate.swift */; };
		1A564B872B7FED1B00D8B6A7 /* SceneDelegate.swift in Sources */ = {isa = PBXBuildFile; fileRef = 1A564B862B7FED1B00D8B6A7 /* SceneDelegate.swift */; };
		1A564B892B7FED1B00D8B6A7 /* ViewController.swift in Sources */ = {isa = PBXBuildFile; fileRef = 1A564B882B7FED1B00D8B6A7 /* ViewController.swift */; };
		1A564B8C2B7FED1B00D8B6A7 /* Main.storyboard in Resources */ = {isa = PBXBuildFile; fileRef = 1A564B8A2B7FED1B00D8B6A7 /* Main.storyboard */; };
		1A564B8E2B7FED1C00D8B6A7 /* Assets.xcassets in Resources */ = {isa = PBXBuildFile; fileRef = 1A564B8D2B7FED1C00D8B6A7 /* Assets.xcassets */; };
		1A564B912B7FED1C00D8B6A7 /* LaunchScreen.storyboard in Resources */ = {isa = PBXBuildFile; fileRef = 1A564B8F2B7FED1C00D8B6A7 /* LaunchScreen.storyboard */; };
		1A564B9A2B7FED5D00D8B6A7 /* Realm in Frameworks */ = {isa = PBXBuildFile; productRef = 1A564B992B7FED5D00D8B6A7 /* Realm */; };
		1A564B9C2B7FED5D00D8B6A7 /* RealmSwift in Frameworks */ = {isa = PBXBuildFile; productRef = 1A564B9B2B7FED5D00D8B6A7 /* RealmSwift */; };
		1A564B9E2B7FED7900D8B6A7 /* Artwork.swift in Sources */ = {isa = PBXBuildFile; fileRef = 1A564B9D2B7FED7900D8B6A7 /* Artwork.swift */; };
/* End PBXBuildFile section */

/* Begin PBXFileReference section */
		1A564B812B7FED1B00D8B6A7 /* RealmTEST.app */ = {isa = PBXFileReference; explicitFileType = wrapper.application; includeInIndex = 0; path = RealmTEST.app; sourceTree = BUILT_PRODUCTS_DIR; };
		1A564B842B7FED1B00D8B6A7 /* AppDelegate.swift */ = {isa = PBXFileReference; lastKnownFileType = sourcecode.swift; path = AppDelegate.swift; sourceTree = "<group>"; };
		1A564B862B7FED1B00D8B6A7 /* SceneDelegate.swift */ = {isa = PBXFileReference; lastKnownFileType = sourcecode.swift; path = SceneDelegate.swift; sourceTree = "<group>"; };
		1A564B882B7FED1B00D8B6A7 /* ViewController.swift */ = {isa = PBXFileReference; lastKnownFileType = sourcecode.swift; path = ViewController.swift; sourceTree = "<group>"; };
		1A564B8B2B7FED1B00D8B6A7 /* Base */ = {isa = PBXFileReference; lastKnownFileType = file.storyboard; name = Base; path = Base.lproj/Main.storyboard; sourceTree = "<group>"; };
		1A564B8D2B7FED1C00D8B6A7 /* Assets.xcassets */ = {isa = PBXFileReference; lastKnownFileType = folder.assetcatalog; path = Assets.xcassets; sourceTree = "<group>"; };
		1A564B902B7FED1C00D8B6A7 /* Base */ = {isa = PBXFileReference; lastKnownFileType = file.storyboard; name = Base; path = Base.lproj/LaunchScreen.storyboard; sourceTree = "<group>"; };
		1A564B922B7FED1C00D8B6A7 /* Info.plist */ = {isa = PBXFileReference; lastKnownFileType = text.plist.xml; path = Info.plist; sourceTree = "<group>"; };
		1A564B9D2B7FED7900D8B6A7 /* Artwork.swift */ = {isa = PBXFileReference; lastKnownFileType = sourcecode.swift; path = Artwork.swift; sourceTree = "<group>"; };
/* End PBXFileReference section */

/* Begin PBXFrameworksBuildPhase section */
		1A564B7E2B7FED1B00D8B6A7 /* Frameworks */ = {
			isa = PBXFrameworksBuildPhase;
			buildActionMask = 2147483647;
			files = (
				1A564B9C2B7FED5D00D8B6A7 /* RealmSwift in Frameworks */,
				1A564B9A2B7FED5D00D8B6A7 /* Realm in Frameworks */,
			);
			runOnlyForDeploymentPostprocessing = 0;
		};
/* End PBXFrameworksBuildPhase section */

/* Begin PBXGroup section */
		1A564B782B7FED1B00D8B6A7 = {
			isa = PBXGroup;
			children = (
				1A564B832B7FED1B00D8B6A7 /* RealmTEST */,
				1A564B822B7FED1B00D8B6A7 /* Products */,
			);
			sourceTree = "<group>";
		};
		1A564B822B7FED1B00D8B6A7 /* Products */ = {
			isa = PBXGroup;
			children = (
				1A564B812B7FED1B00D8B6A7 /* RealmTEST.app */,
			);
			name = Products;
			sourceTree = "<group>";
		};
		1A564B832B7FED1B00D8B6A7 /* RealmTEST */ = {
			isa = PBXGroup;
			children = (
				1A564B842B7FED1B00D8B6A7 /* AppDelegate.swift */,
				1A564B862B7FED1B00D8B6A7 /* SceneDelegate.swift */,
				1A564B882B7FED1B00D8B6A7 /* ViewController.swift */,
				1A564B8A2B7FED1B00D8B6A7 /* Main.storyboard */,
				1A564B8D2B7FED1C00D8B6A7 /* Assets.xcassets */,
				1A564B8F2B7FED1C00D8B6A7 /* LaunchScreen.storyboard */,
				1A564B922B7FED1C00D8B6A7 /* Info.plist */,
				1A564B9D2B7FED7900D8B6A7 /* Artwork.swift */,
			);
			path = RealmTEST;
			sourceTree = "<group>";
		};
/* End PBXGroup section */

/* Begin PBXNativeTarget section */
		1A564B802B7FED1B00D8B6A7 /* RealmTEST */ = {
			isa = PBXNativeTarget;
			buildConfigurationList = 1A564B952B7FED1C00D8B6A7 /* Build configuration list for PBXNativeTarget "RealmTEST" */;
			buildPhases = (
				1A564B7D2B7FED1B00D8B6A7 /* Sources */,
				1A564B7E2B7FED1B00D8B6A7 /* Frameworks */,
				1A564B7F2B7FED1B00D8B6A7 /* Resources */,
			);
			buildRules = (
			);
			dependencies = (
			);
			name = RealmTEST;
			packageProductDependencies = (
				1A564B992B7FED5D00D8B6A7 /* Realm */,
				1A564B9B2B7FED5D00D8B6A7 /* RealmSwift */,
			);
			productName = RealmTEST;
			productReference = 1A564B812B7FED1B00D8B6A7 /* RealmTEST.app */;
			productType = "com.apple.product-type.application";
		};
/* End PBXNativeTarget section */

/* Begin PBXProject section */
		1A564B792B7FED1B00D8B6A7 /* Project object */ = {
			isa = PBXProject;
			attributes = {
				BuildIndependentTargetsInParallel = 1;
				LastSwiftUpdateCheck = 1430;
				LastUpgradeCheck = 1430;
				TargetAttributes = {
					1A564B802B7FED1B00D8B6A7 = {
						CreatedOnToolsVersion = 14.3.1;
					};
				};
			};
			buildConfigurationList = 1A564B7C2B7FED1B00D8B6A7 /* Build configuration list for PBXProject "RealmTEST" */;
			compatibilityVersion = "Xcode 14.0";
			developmentRegion = en;
			hasScannedForEncodings = 0;
			knownRegions = (
				en,
				Base,
			);
			mainGroup = 1A564B782B7FED1B00D8B6A7;
			packageReferences = (
				1A564B982B7FED5D00D8B6A7 /* XCRemoteSwiftPackageReference "realm-swift" */,
			);
			productRefGroup = 1A564B822B7FED1B00D8B6A7 /* Products */;
			projectDirPath = "";
			projectRoot = "";
			targets = (
				1A564B802B7FED1B00D8B6A7 /* RealmTEST */,
			);
		};
/* End PBXProject section */

/* Begin PBXResourcesBuildPhase section */
		1A564B7F2B7FED1B00D8B6A7 /* Resources */ = {
			isa = PBXResourcesBuildPhase;
			buildActionMask = 2147483647;
			files = (
				1A564B912B7FED1C00D8B6A7 /* LaunchScreen.storyboard in Resources */,
				1A564B8E2B7FED1C00D8B6A7 /* Assets.xcassets in Resources */,
				1A564B8C2B7FED1B00D8B6A7 /* Main.storyboard in Resources */,
			);
			runOnlyForDeploymentPostprocessing = 0;
		};
/* End PBXResourcesBuildPhase section */

/* Begin PBXSourcesBuildPhase section */
		1A564B7D2B7FED1B00D8B6A7 /* Sources */ = {
			isa = PBXSourcesBuildPhase;
			buildActionMask = 2147483647;
			files = (
				1A564B892B7FED1B00D8B6A7 /* ViewController.swift in Sources */,
				1A564B852B7FED1B00D8B6A7 /* AppDelegate.swift in Sources */,
				1A564B9E2B7FED7900D8B6A7 /* Artwork.swift in Sources */,
				1A564B872B7FED1B00D8B6A7 /* SceneDelegate.swift in Sources */,
			);
			runOnlyForDeploymentPostprocessing = 0;
		};
/* End PBXSourcesBuildPhase section */

/* Begin PBXVariantGroup section */
		1A564B8A2B7FED1B00D8B6A7 /* Main.storyboard */ = {
			isa = PBXVariantGroup;
			children = (
				1A564B8B2B7FED1B00D8B6A7 /* Base */,
			);
			name = Main.storyboard;
			sourceTree = "<group>";
		};
		1A564B8F2B7FED1C00D8B6A7 /* LaunchScreen.storyboard */ = {
			isa = PBXVariantGroup;
			children = (
				1A564B902B7FED1C00D8B6A7 /* Base */,
			);
			name = LaunchScreen.storyboard;
			sourceTree = "<group>";
		};
/* End PBXVariantGroup section */

/* Begin XCBuildConfiguration section */
		1A564B932B7FED1C00D8B6A7 /* Debug */ = {
			isa = XCBuildConfiguration;
			buildSettings = {
				ALWAYS_SEARCH_USER_PATHS = NO;
				CLANG_ANALYZER_NONNULL = YES;
				CLANG_ANALYZER_NUMBER_OBJECT_CONVERSION = YES_AGGRESSIVE;
				CLANG_CXX_LANGUAGE_STANDARD = "gnu++20";
				CLANG_ENABLE_MODULES = YES;
				CLANG_ENABLE_OBJC_ARC = YES;
				CLANG_ENABLE_OBJC_WEAK = YES;
				CLANG_WARN_BLOCK_CAPTURE_AUTORELEASING = YES;
				CLANG_WARN_BOOL_CONVERSION = YES;
				CLANG_WARN_COMMA = YES;
				CLANG_WARN_CONSTANT_CONVERSION = YES;
				CLANG_WARN_DEPRECATED_OBJC_IMPLEMENTATIONS = YES;
				CLANG_WARN_DIRECT_OBJC_ISA_USAGE = YES_ERROR;
				CLANG_WARN_DOCUMENTATION_COMMENTS = YES;
				CLANG_WARN_EMPTY_BODY = YES;
				CLANG_WARN_ENUM_CONVERSION = YES;
				CLANG_WARN_INFINITE_RECURSION = YES;
				CLANG_WARN_INT_CONVERSION = YES;
				CLANG_WARN_NON_LITERAL_NULL_CONVERSION = YES;
				CLANG_WARN_OBJC_IMPLICIT_RETAIN_SELF = YES;
				CLANG_WARN_OBJC_LITERAL_CONVERSION = YES;
				CLANG_WARN_OBJC_ROOT_CLASS = YES_ERROR;
				CLANG_WARN_QUOTED_INCLUDE_IN_FRAMEWORK_HEADER = YES;
				CLANG_WARN_RANGE_LOOP_ANALYSIS = YES;
				CLANG_WARN_STRICT_PROTOTYPES = YES;
				CLANG_WARN_SUSPICIOUS_MOVE = YES;
				CLANG_WARN_UNGUARDED_AVAILABILITY = YES_AGGRESSIVE;
				CLANG_WARN_UNREACHABLE_CODE = YES;
				CLANG_WARN__DUPLICATE_METHOD_MATCH = YES;
				COPY_PHASE_STRIP = NO;
				DEBUG_INFORMATION_FORMAT = dwarf;
				ENABLE_STRICT_OBJC_MSGSEND = YES;
				ENABLE_TESTABILITY = YES;
				GCC_C_LANGUAGE_STANDARD = gnu11;
				GCC_DYNAMIC_NO_PIC = NO;
				GCC_NO_COMMON_BLOCKS = YES;
				GCC_OPTIMIZATION_LEVEL = 0;
				GCC_PREPROCESSOR_DEFINITIONS = (
					"DEBUG=1",
					"$(inherited)",
				);
				GCC_WARN_64_TO_32_BIT_CONVERSION = YES;
				GCC_WARN_ABOUT_RETURN_TYPE = YES_ERROR;
				GCC_WARN_UNDECLARED_SELECTOR = YES;
				GCC_WARN_UNINITIALIZED_AUTOS = YES_AGGRESSIVE;
				GCC_WARN_UNUSED_FUNCTION = YES;
				GCC_WARN_UNUSED_VARIABLE = YES;
				IPHONEOS_DEPLOYMENT_TARGET = 16.4;
				MTL_ENABLE_DEBUG_INFO = INCLUDE_SOURCE;
				MTL_FAST_MATH = YES;
				ONLY_ACTIVE_ARCH = YES;
				SDKROOT = iphoneos;
				SWIFT_ACTIVE_COMPILATION_CONDITIONS = DEBUG;
				SWIFT_OPTIMIZATION_LEVEL = "-Onone";
			};
			name = Debug;
		};
		1A564B942B7FED1C00D8B6A7 /* Release */ = {
			isa = XCBuildConfiguration;
			buildSettings = {
				ALWAYS_SEARCH_USER_PATHS = NO;
				CLANG_ANALYZER_NONNULL = YES;
				CLANG_ANALYZER_NUMBER_OBJECT_CONVERSION = YES_AGGRESSIVE;
				CLANG_CXX_LANGUAGE_STANDARD = "gnu++20";
				CLANG_ENABLE_MODULES = YES;
				CLANG_ENABLE_OBJC_ARC = YES;
				CLANG_ENABLE_OBJC_WEAK = YES;
				CLANG_WARN_BLOCK_CAPTURE_AUTORELEASING = YES;
				CLANG_WARN_BOOL_CONVERSION = YES;
				CLANG_WARN_COMMA = YES;
				CLANG_WARN_CONSTANT_CONVERSION = YES;
				CLANG_WARN_DEPRECATED_OBJC_IMPLEMENTATIONS = YES;
				CLANG_WARN_DIRECT_OBJC_ISA_USAGE = YES_ERROR;
				CLANG_WARN_DOCUMENTATION_COMMENTS = YES;
				CLANG_WARN_EMPTY_BODY = YES;
				CLANG_WARN_ENUM_CONVERSION = YES;
				CLANG_WARN_INFINITE_RECURSION = YES;
				CLANG_WARN_INT_CONVERSION = YES;
				CLANG_WARN_NON_LITERAL_NULL_CONVERSION = YES;
				CLANG_WARN_OBJC_IMPLICIT_RETAIN_SELF = YES;
				CLANG_WARN_OBJC_LITERAL_CONVERSION = YES;
				CLANG_WARN_OBJC_ROOT_CLASS = YES_ERROR;
				CLANG_WARN_QUOTED_INCLUDE_IN_FRAMEWORK_HEADER = YES;
				CLANG_WARN_RANGE_LOOP_ANALYSIS = YES;
				CLANG_WARN_STRICT_PROTOTYPES = YES;
				CLANG_WARN_SUSPICIOUS_MOVE = YES;
				CLANG_WARN_UNGUARDED_AVAILABILITY = YES_AGGRESSIVE;
				CLANG_WARN_UNREACHABLE_CODE = YES;
				CLANG_WARN__DUPLICATE_METHOD_MATCH = YES;
				COPY_PHASE_STRIP = NO;
				DEBUG_INFORMATION_FORMAT = "dwarf-with-dsym";
				ENABLE_NS_ASSERTIONS = NO;
				ENABLE_STRICT_OBJC_MSGSEND = YES;
				GCC_C_LANGUAGE_STANDARD = gnu11;
				GCC_NO_COMMON_BLOCKS = YES;
				GCC_WARN_64_TO_32_BIT_CONVERSION = YES;
				GCC_WARN_ABOUT_RETURN_TYPE = YES_ERROR;
				GCC_WARN_UNDECLARED_SELECTOR = YES;
				GCC_WARN_UNINITIALIZED_AUTOS = YES_AGGRESSIVE;
				GCC_WARN_UNUSED_FUNCTION = YES;
				GCC_WARN_UNUSED_VARIABLE = YES;
				IPHONEOS_DEPLOYMENT_TARGET = 16.4;
				MTL_ENABLE_DEBUG_INFO = NO;
				MTL_FAST_MATH = YES;
				SDKROOT = iphoneos;
				SWIFT_COMPILATION_MODE = wholemodule;
				SWIFT_OPTIMIZATION_LEVEL = "-O";
				VALIDATE_PRODUCT = YES;
			};
			name = Release;
		};
		1A564B962B7FED1C00D8B6A7 /* Debug */ = {
			isa = XCBuildConfiguration;
			buildSettings = {
				ASSETCATALOG_COMPILER_APPICON_NAME = AppIcon;
				ASSETCATALOG_COMPILER_GLOBAL_ACCENT_COLOR_NAME = AccentColor;
				CODE_SIGN_STYLE = Automatic;
				CURRENT_PROJECT_VERSION = 1;
				DEVELOPMENT_TEAM = 2P5FNS3JAJ;
				GENERATE_INFOPLIST_FILE = YES;
				INFOPLIST_FILE = RealmTEST/Info.plist;
				INFOPLIST_KEY_UIApplicationSupportsIndirectInputEvents = YES;
				INFOPLIST_KEY_UILaunchStoryboardName = LaunchScreen;
				INFOPLIST_KEY_UIMainStoryboardFile = Main;
				INFOPLIST_KEY_UISupportedInterfaceOrientations_iPad = "UIInterfaceOrientationPortrait UIInterfaceOrientationPortraitUpsideDown UIInterfaceOrientationLandscapeLeft UIInterfaceOrientationLandscapeRight";
				INFOPLIST_KEY_UISupportedInterfaceOrientations_iPhone = "UIInterfaceOrientationPortrait UIInterfaceOrientationLandscapeLeft UIInterfaceOrientationLandscapeRight";
				LD_RUNPATH_SEARCH_PATHS = (
					"$(inherited)",
					"@executable_path/Frameworks",
				);
				MARKETING_VERSION = 1.0;
				PRODUCT_BUNDLE_IDENTIFIER = com.seohyun.iOSApp.RealmTEST;
				PRODUCT_NAME = "$(TARGET_NAME)";
				SWIFT_EMIT_LOC_STRINGS = YES;
				SWIFT_VERSION = 5.0;
				TARGETED_DEVICE_FAMILY = "1,2";
			};
			name = Debug;
		};
		1A564B972B7FED1C00D8B6A7 /* Release */ = {
			isa = XCBuildConfiguration;
			buildSettings = {
				ASSETCATALOG_COMPILER_APPICON_NAME = AppIcon;
				ASSETCATALOG_COMPILER_GLOBAL_ACCENT_COLOR_NAME = AccentColor;
				CODE_SIGN_STYLE = Automatic;
				CURRENT_PROJECT_VERSION = 1;
				DEVELOPMENT_TEAM = 2P5FNS3JAJ;
				GENERATE_INFOPLIST_FILE = YES;
				INFOPLIST_FILE = RealmTEST/Info.plist;
				INFOPLIST_KEY_UIApplicationSupportsIndirectInputEvents = YES;
				INFOPLIST_KEY_UILaunchStoryboardName = LaunchScreen;
				INFOPLIST_KEY_UIMainStoryboardFile = Main;
				INFOPLIST_KEY_UISupportedInterfaceOrientations_iPad = "UIInterfaceOrientationPortrait UIInterfaceOrientationPortraitUpsideDown UIInterfaceOrientationLandscapeLeft UIInterfaceOrientationLandscapeRight";
				INFOPLIST_KEY_UISupportedInterfaceOrientations_iPhone = "UIInterfaceOrientationPortrait UIInterfaceOrientationLandscapeLeft UIInterfaceOrientationLandscapeRight";
				LD_RUNPATH_SEARCH_PATHS = (
					"$(inherited)",
					"@executable_path/Frameworks",
				);
				MARKETING_VERSION = 1.0;
				PRODUCT_BUNDLE_IDENTIFIER = com.seohyun.iOSApp.RealmTEST;
				PRODUCT_NAME = "$(TARGET_NAME)";
				SWIFT_EMIT_LOC_STRINGS = YES;
				SWIFT_VERSION = 5.0;
				TARGETED_DEVICE_FAMILY = "1,2";
			};
			name = Release;
		};
/* End XCBuildConfiguration section */

/* Begin XCConfigurationList section */
		1A564B7C2B7FED1B00D8B6A7 /* Build configuration list for PBXProject "RealmTEST" */ = {
			isa = XCConfigurationList;
			buildConfigurations = (
				1A564B932B7FED1C00D8B6A7 /* Debug */,
				1A564B942B7FED1C00D8B6A7 /* Release */,
			);
			defaultConfigurationIsVisible = 0;
			defaultConfigurationName = Release;
		};
		1A564B952B7FED1C00D8B6A7 /* Build configuration list for PBXNativeTarget "RealmTEST" */ = {
			isa = XCConfigurationList;
			buildConfigurations = (
				1A564B962B7FED1C00D8B6A7 /* Debug */,
				1A564B972B7FED1C00D8B6A7 /* Release */,
			);
			defaultConfigurationIsVisible = 0;
			defaultConfigurationName = Release;
		};
/* End XCConfigurationList section */

/* Begin XCRemoteSwiftPackageReference section */
		1A564B982B7FED5D00D8B6A7 /* XCRemoteSwiftPackageReference "realm-swift" */ = {
			isa = XCRemoteSwiftPackageReference;
			repositoryURL = "https://github.com/realm/realm-swift.git";
			requirement = {
				kind = upToNextMajorVersion;
				minimumVersion = 10.47.0;
			};
		};
/* End XCRemoteSwiftPackageReference section */

/* Begin XCSwiftPackageProductDependency section */
		1A564B992B7FED5D00D8B6A7 /* Realm */ = {
			isa = XCSwiftPackageProductDependency;
			package = 1A564B982B7FED5D00D8B6A7 /* XCRemoteSwiftPackageReference "realm-swift" */;
			productName = Realm;
		};
		1A564B9B2B7FED5D00D8B6A7 /* RealmSwift */ = {
			isa = XCSwiftPackageProductDependency;
			package = 1A564B982B7FED5D00D8B6A7 /* XCRemoteSwiftPackageReference "realm-swift" */;
			productName = RealmSwift;
		};
/* End XCSwiftPackageProductDependency section */
	};
	rootObject = 1A564B792B7FED1B00D8B6A7 /* Project object */;
}
