// !$*UTF8*$!
{
	archiveVersion = 1;
	classes = {
	};
	objectVersion = 56;
	objects = {

/* Begin PBXBuildFile section */
		87612BDB2ADBD1E6008A4F42 /* FruitsApp.swift in Sources */ = {isa = PBXBuildFile; fileRef = 87612BDA2ADBD1E6008A4F42 /* FruitsApp.swift */; };
		87612BDD2ADBD1E6008A4F42 /* ContentView.swift in Sources */ = {isa = PBXBuildFile; fileRef = 87612BDC2ADBD1E6008A4F42 /* ContentView.swift */; };
		87612BDF2ADBD1E6008A4F42 /* Assets.xcassets in Resources */ = {isa = PBXBuildFile; fileRef = 87612BDE2ADBD1E6008A4F42 /* Assets.xcassets */; };
		87612BE22ADBD1E6008A4F42 /* Preview Assets.xcassets in Resources */ = {isa = PBXBuildFile; fileRef = 87612BE12ADBD1E6008A4F42 /* Preview Assets.xcassets */; };
		87612BEB2ADBDCF2008A4F42 /* FruitCardView.swift in Sources */ = {isa = PBXBuildFile; fileRef = 87612BEA2ADBDCF2008A4F42 /* FruitCardView.swift */; };
		87612BED2ADBE0EF008A4F42 /* StartButtonView.swift in Sources */ = {isa = PBXBuildFile; fileRef = 87612BEC2ADBE0EF008A4F42 /* StartButtonView.swift */; };
		87612BEF2ADBE404008A4F42 /* OnboardingView.swift in Sources */ = {isa = PBXBuildFile; fileRef = 87612BEE2ADBE404008A4F42 /* OnboardingView.swift */; };
		876B9A7E2AEF74C900D566D0 /* FruitsDetailView.swift in Sources */ = {isa = PBXBuildFile; fileRef = 876B9A7D2AEF74C900D566D0 /* FruitsDetailView.swift */; };
		876B9A802AEF78FA00D566D0 /* FruitsHeaderView.swift in Sources */ = {isa = PBXBuildFile; fileRef = 876B9A7F2AEF78FA00D566D0 /* FruitsHeaderView.swift */; };
		876B9A822AEF7B4000D566D0 /* SourceLinkView.swift in Sources */ = {isa = PBXBuildFile; fileRef = 876B9A812AEF7B4000D566D0 /* SourceLinkView.swift */; };
		876BB0A72AE2BAD800CB87DF /* FruitModel.swift in Sources */ = {isa = PBXBuildFile; fileRef = 876BB0A62AE2BAD800CB87DF /* FruitModel.swift */; };
		876BB0AA2AE2BC0800CB87DF /* FruitData.swift in Sources */ = {isa = PBXBuildFile; fileRef = 876BB0A92AE2BC0800CB87DF /* FruitData.swift */; };
		87A79A002AE4B93F005A8766 /* FruitRowView.swift in Sources */ = {isa = PBXBuildFile; fileRef = 87A799FF2AE4B93F005A8766 /* FruitRowView.swift */; };
		87D303CC2AF2227A00B92511 /* FruitNutrientsView.swift in Sources */ = {isa = PBXBuildFile; fileRef = 87D303CB2AF2227A00B92511 /* FruitNutrientsView.swift */; };
		87D303D22AF5062000B92511 /* SettingsView.swift in Sources */ = {isa = PBXBuildFile; fileRef = 87D303D12AF5062000B92511 /* SettingsView.swift */; };
		87D303D42AF50A9000B92511 /* SettingsLabelView.swift in Sources */ = {isa = PBXBuildFile; fileRef = 87D303D32AF50A9000B92511 /* SettingsLabelView.swift */; };
/* End PBXBuildFile section */

/* Begin PBXFileReference section */
		87612BD72ADBD1E6008A4F42 /* Fruits.app */ = {isa = PBXFileReference; explicitFileType = wrapper.application; includeInIndex = 0; path = Fruits.app; sourceTree = BUILT_PRODUCTS_DIR; };
		87612BDA2ADBD1E6008A4F42 /* FruitsApp.swift */ = {isa = PBXFileReference; lastKnownFileType = sourcecode.swift; path = FruitsApp.swift; sourceTree = "<group>"; };
		87612BDC2ADBD1E6008A4F42 /* ContentView.swift */ = {isa = PBXFileReference; lastKnownFileType = sourcecode.swift; path = ContentView.swift; sourceTree = "<group>"; };
		87612BDE2ADBD1E6008A4F42 /* Assets.xcassets */ = {isa = PBXFileReference; lastKnownFileType = folder.assetcatalog; path = Assets.xcassets; sourceTree = "<group>"; };
		87612BE12ADBD1E6008A4F42 /* Preview Assets.xcassets */ = {isa = PBXFileReference; lastKnownFileType = folder.assetcatalog; path = "Preview Assets.xcassets"; sourceTree = "<group>"; };
		87612BEA2ADBDCF2008A4F42 /* FruitCardView.swift */ = {isa = PBXFileReference; lastKnownFileType = sourcecode.swift; path = FruitCardView.swift; sourceTree = "<group>"; };
		87612BEC2ADBE0EF008A4F42 /* StartButtonView.swift */ = {isa = PBXFileReference; lastKnownFileType = sourcecode.swift; path = StartButtonView.swift; sourceTree = "<group>"; };
		87612BEE2ADBE404008A4F42 /* OnboardingView.swift */ = {isa = PBXFileReference; lastKnownFileType = sourcecode.swift; path = OnboardingView.swift; sourceTree = "<group>"; };
		876B9A7D2AEF74C900D566D0 /* FruitsDetailView.swift */ = {isa = PBXFileReference; lastKnownFileType = sourcecode.swift; path = FruitsDetailView.swift; sourceTree = "<group>"; };
		876B9A7F2AEF78FA00D566D0 /* FruitsHeaderView.swift */ = {isa = PBXFileReference; lastKnownFileType = sourcecode.swift; path = FruitsHeaderView.swift; sourceTree = "<group>"; };
		876B9A812AEF7B4000D566D0 /* SourceLinkView.swift */ = {isa = PBXFileReference; lastKnownFileType = sourcecode.swift; path = SourceLinkView.swift; sourceTree = "<group>"; };
		876BB0A62AE2BAD800CB87DF /* FruitModel.swift */ = {isa = PBXFileReference; lastKnownFileType = sourcecode.swift; path = FruitModel.swift; sourceTree = "<group>"; };
		876BB0A92AE2BC0800CB87DF /* FruitData.swift */ = {isa = PBXFileReference; lastKnownFileType = sourcecode.swift; path = FruitData.swift; sourceTree = "<group>"; };
		87A799FF2AE4B93F005A8766 /* FruitRowView.swift */ = {isa = PBXFileReference; lastKnownFileType = sourcecode.swift; path = FruitRowView.swift; sourceTree = "<group>"; };
		87D303CB2AF2227A00B92511 /* FruitNutrientsView.swift */ = {isa = PBXFileReference; lastKnownFileType = sourcecode.swift; path = FruitNutrientsView.swift; sourceTree = "<group>"; };
		87D303D12AF5062000B92511 /* SettingsView.swift */ = {isa = PBXFileReference; lastKnownFileType = sourcecode.swift; path = SettingsView.swift; sourceTree = "<group>"; };
		87D303D32AF50A9000B92511 /* SettingsLabelView.swift */ = {isa = PBXFileReference; lastKnownFileType = sourcecode.swift; path = SettingsLabelView.swift; sourceTree = "<group>"; };
/* End PBXFileReference section */

/* Begin PBXFrameworksBuildPhase section */
		87612BD42ADBD1E6008A4F42 /* Frameworks */ = {
			isa = PBXFrameworksBuildPhase;
			buildActionMask = 2147483647;
			files = (
			);
			runOnlyForDeploymentPostprocessing = 0;
		};
/* End PBXFrameworksBuildPhase section */

/* Begin PBXGroup section */
		87612BCE2ADBD1E6008A4F42 = {
			isa = PBXGroup;
			children = (
				87612BD92ADBD1E6008A4F42 /* Fruits */,
				87612BD82ADBD1E6008A4F42 /* Products */,
			);
			sourceTree = "<group>";
		};
		87612BD82ADBD1E6008A4F42 /* Products */ = {
			isa = PBXGroup;
			children = (
				87612BD72ADBD1E6008A4F42 /* Fruits.app */,
			);
			name = Products;
			sourceTree = "<group>";
		};
		87612BD92ADBD1E6008A4F42 /* Fruits */ = {
			isa = PBXGroup;
			children = (
				87612BE82ADBDC17008A4F42 /* App */,
				876BB0A82AE2BBF700CB87DF /* Data */,
				876BB0A52AE2BAA300CB87DF /* Model */,
				87612BE92ADBDCC7008A4F42 /* View */,
				87612BDE2ADBD1E6008A4F42 /* Assets.xcassets */,
				87612BE02ADBD1E6008A4F42 /* Preview Content */,
			);
			path = Fruits;
			sourceTree = "<group>";
		};
		87612BE02ADBD1E6008A4F42 /* Preview Content */ = {
			isa = PBXGroup;
			children = (
				87612BE12ADBD1E6008A4F42 /* Preview Assets.xcassets */,
			);
			path = "Preview Content";
			sourceTree = "<group>";
		};
		87612BE82ADBDC17008A4F42 /* App */ = {
			isa = PBXGroup;
			children = (
				87612BDA2ADBD1E6008A4F42 /* FruitsApp.swift */,
				87612BDC2ADBD1E6008A4F42 /* ContentView.swift */,
				87612BEE2ADBE404008A4F42 /* OnboardingView.swift */,
				876B9A7D2AEF74C900D566D0 /* FruitsDetailView.swift */,
				87D303D12AF5062000B92511 /* SettingsView.swift */,
			);
			path = App;
			sourceTree = "<group>";
		};
		87612BE92ADBDCC7008A4F42 /* View */ = {
			isa = PBXGroup;
			children = (
				87612BEA2ADBDCF2008A4F42 /* FruitCardView.swift */,
				87612BEC2ADBE0EF008A4F42 /* StartButtonView.swift */,
				87A799FF2AE4B93F005A8766 /* FruitRowView.swift */,
				876B9A7F2AEF78FA00D566D0 /* FruitsHeaderView.swift */,
				876B9A812AEF7B4000D566D0 /* SourceLinkView.swift */,
				87D303CB2AF2227A00B92511 /* FruitNutrientsView.swift */,
				87D303D32AF50A9000B92511 /* SettingsLabelView.swift */,
			);
			path = View;
			sourceTree = "<group>";
		};
		876BB0A52AE2BAA300CB87DF /* Model */ = {
			isa = PBXGroup;
			children = (
				876BB0A62AE2BAD800CB87DF /* FruitModel.swift */,
			);
			path = Model;
			sourceTree = "<group>";
		};
		876BB0A82AE2BBF700CB87DF /* Data */ = {
			isa = PBXGroup;
			children = (
				876BB0A92AE2BC0800CB87DF /* FruitData.swift */,
			);
			path = Data;
			sourceTree = "<group>";
		};
/* End PBXGroup section */

/* Begin PBXNativeTarget section */
		87612BD62ADBD1E6008A4F42 /* Fruits */ = {
			isa = PBXNativeTarget;
			buildConfigurationList = 87612BE52ADBD1E6008A4F42 /* Build configuration list for PBXNativeTarget "Fruits" */;
			buildPhases = (
				87612BD32ADBD1E6008A4F42 /* Sources */,
				87612BD42ADBD1E6008A4F42 /* Frameworks */,
				87612BD52ADBD1E6008A4F42 /* Resources */,
			);
			buildRules = (
			);
			dependencies = (
			);
			name = Fruits;
			productName = Fruits;
			productReference = 87612BD72ADBD1E6008A4F42 /* Fruits.app */;
			productType = "com.apple.product-type.application";
		};
/* End PBXNativeTarget section */

/* Begin PBXProject section */
		87612BCF2ADBD1E6008A4F42 /* Project object */ = {
			isa = PBXProject;
			attributes = {
				BuildIndependentTargetsInParallel = 1;
				LastSwiftUpdateCheck = 1430;
				LastUpgradeCheck = 1430;
				TargetAttributes = {
					87612BD62ADBD1E6008A4F42 = {
						CreatedOnToolsVersion = 14.3.1;
					};
				};
			};
			buildConfigurationList = 87612BD22ADBD1E6008A4F42 /* Build configuration list for PBXProject "Fruits" */;
			compatibilityVersion = "Xcode 14.0";
			developmentRegion = en;
			hasScannedForEncodings = 0;
			knownRegions = (
				en,
				Base,
			);
			mainGroup = 87612BCE2ADBD1E6008A4F42;
			productRefGroup = 87612BD82ADBD1E6008A4F42 /* Products */;
			projectDirPath = "";
			projectRoot = "";
			targets = (
				87612BD62ADBD1E6008A4F42 /* Fruits */,
			);
		};
/* End PBXProject section */

/* Begin PBXResourcesBuildPhase section */
		87612BD52ADBD1E6008A4F42 /* Resources */ = {
			isa = PBXResourcesBuildPhase;
			buildActionMask = 2147483647;
			files = (
				87612BE22ADBD1E6008A4F42 /* Preview Assets.xcassets in Resources */,
				87612BDF2ADBD1E6008A4F42 /* Assets.xcassets in Resources */,
			);
			runOnlyForDeploymentPostprocessing = 0;
		};
/* End PBXResourcesBuildPhase section */

/* Begin PBXSourcesBuildPhase section */
		87612BD32ADBD1E6008A4F42 /* Sources */ = {
			isa = PBXSourcesBuildPhase;
			buildActionMask = 2147483647;
			files = (
				876BB0AA2AE2BC0800CB87DF /* FruitData.swift in Sources */,
				876B9A822AEF7B4000D566D0 /* SourceLinkView.swift in Sources */,
				87612BEB2ADBDCF2008A4F42 /* FruitCardView.swift in Sources */,
				876B9A802AEF78FA00D566D0 /* FruitsHeaderView.swift in Sources */,
				87D303CC2AF2227A00B92511 /* FruitNutrientsView.swift in Sources */,
				87A79A002AE4B93F005A8766 /* FruitRowView.swift in Sources */,
				87612BED2ADBE0EF008A4F42 /* StartButtonView.swift in Sources */,
				87612BDD2ADBD1E6008A4F42 /* ContentView.swift in Sources */,
				87612BEF2ADBE404008A4F42 /* OnboardingView.swift in Sources */,
				876BB0A72AE2BAD800CB87DF /* FruitModel.swift in Sources */,
				87D303D42AF50A9000B92511 /* SettingsLabelView.swift in Sources */,
				87612BDB2ADBD1E6008A4F42 /* FruitsApp.swift in Sources */,
				876B9A7E2AEF74C900D566D0 /* FruitsDetailView.swift in Sources */,
				87D303D22AF5062000B92511 /* SettingsView.swift in Sources */,
			);
			runOnlyForDeploymentPostprocessing = 0;
		};
/* End PBXSourcesBuildPhase section */

/* Begin XCBuildConfiguration section */
		87612BE32ADBD1E6008A4F42 /* Debug */ = {
			isa = XCBuildConfiguration;
			buildSettings = {
				ALWAYS_SEARCH_USER_PATHS = NO;
				CLANG_ANALYZER_NONNULL = YES;
				CLANG_ANALYZER_NUMBER_OBJECT_CONVERSION = YES_AGGRESSIVE;
				CLANG_CXX_LANGUAGE_STANDARD = "gnu++20";
				CLANG_ENABLE_MODULES = YES;
				CLANG_ENABLE_OBJC_ARC = YES;
				CLANG_ENABLE_OBJC_WEAK = YES;
				CLANG_WARN_BLOCK_CAPTURE_AUTORELEASING = YES;
				CLANG_WARN_BOOL_CONVERSION = YES;
				CLANG_WARN_COMMA = YES;
				CLANG_WARN_CONSTANT_CONVERSION = YES;
				CLANG_WARN_DEPRECATED_OBJC_IMPLEMENTATIONS = YES;
				CLANG_WARN_DIRECT_OBJC_ISA_USAGE = YES_ERROR;
				CLANG_WARN_DOCUMENTATION_COMMENTS = YES;
				CLANG_WARN_EMPTY_BODY = YES;
				CLANG_WARN_ENUM_CONVERSION = YES;
				CLANG_WARN_INFINITE_RECURSION = YES;
				CLANG_WARN_INT_CONVERSION = YES;
				CLANG_WARN_NON_LITERAL_NULL_CONVERSION = YES;
				CLANG_WARN_OBJC_IMPLICIT_RETAIN_SELF = YES;
				CLANG_WARN_OBJC_LITERAL_CONVERSION = YES;
				CLANG_WARN_OBJC_ROOT_CLASS = YES_ERROR;
				CLANG_WARN_QUOTED_INCLUDE_IN_FRAMEWORK_HEADER = YES;
				CLANG_WARN_RANGE_LOOP_ANALYSIS = YES;
				CLANG_WARN_STRICT_PROTOTYPES = YES;
				CLANG_WARN_SUSPICIOUS_MOVE = YES;
				CLANG_WARN_UNGUARDED_AVAILABILITY = YES_AGGRESSIVE;
				CLANG_WARN_UNREACHABLE_CODE = YES;
				CLANG_WARN__DUPLICATE_METHOD_MATCH = YES;
				COPY_PHASE_STRIP = NO;
				DEBUG_INFORMATION_FORMAT = dwarf;
				ENABLE_STRICT_OBJC_MSGSEND = YES;
				ENABLE_TESTABILITY = YES;
				GCC_C_LANGUAGE_STANDARD = gnu11;
				GCC_DYNAMIC_NO_PIC = NO;
				GCC_NO_COMMON_BLOCKS = YES;
				GCC_OPTIMIZATION_LEVEL = 0;
				GCC_PREPROCESSOR_DEFINITIONS = (
					"DEBUG=1",
					"$(inherited)",
				);
				GCC_WARN_64_TO_32_BIT_CONVERSION = YES;
				GCC_WARN_ABOUT_RETURN_TYPE = YES_ERROR;
				GCC_WARN_UNDECLARED_SELECTOR = YES;
				GCC_WARN_UNINITIALIZED_AUTOS = YES_AGGRESSIVE;
				GCC_WARN_UNUSED_FUNCTION = YES;
				GCC_WARN_UNUSED_VARIABLE = YES;
				IPHONEOS_DEPLOYMENT_TARGET = 16.4;
				MTL_ENABLE_DEBUG_INFO = INCLUDE_SOURCE;
				MTL_FAST_MATH = YES;
				ONLY_ACTIVE_ARCH = YES;
				SDKROOT = iphoneos;
				SWIFT_ACTIVE_COMPILATION_CONDITIONS = DEBUG;
				SWIFT_OPTIMIZATION_LEVEL = "-Onone";
			};
			name = Debug;
		};
		87612BE42ADBD1E6008A4F42 /* Release */ = {
			isa = XCBuildConfiguration;
			buildSettings = {
				ALWAYS_SEARCH_USER_PATHS = NO;
				CLANG_ANALYZER_NONNULL = YES;
				CLANG_ANALYZER_NUMBER_OBJECT_CONVERSION = YES_AGGRESSIVE;
				CLANG_CXX_LANGUAGE_STANDARD = "gnu++20";
				CLANG_ENABLE_MODULES = YES;
				CLANG_ENABLE_OBJC_ARC = YES;
				CLANG_ENABLE_OBJC_WEAK = YES;
				CLANG_WARN_BLOCK_CAPTURE_AUTORELEASING = YES;
				CLANG_WARN_BOOL_CONVERSION = YES;
				CLANG_WARN_COMMA = YES;
				CLANG_WARN_CONSTANT_CONVERSION = YES;
				CLANG_WARN_DEPRECATED_OBJC_IMPLEMENTATIONS = YES;
				CLANG_WARN_DIRECT_OBJC_ISA_USAGE = YES_ERROR;
				CLANG_WARN_DOCUMENTATION_COMMENTS = YES;
				CLANG_WARN_EMPTY_BODY = YES;
				CLANG_WARN_ENUM_CONVERSION = YES;
				CLANG_WARN_INFINITE_RECURSION = YES;
				CLANG_WARN_INT_CONVERSION = YES;
				CLANG_WARN_NON_LITERAL_NULL_CONVERSION = YES;
				CLANG_WARN_OBJC_IMPLICIT_RETAIN_SELF = YES;
				CLANG_WARN_OBJC_LITERAL_CONVERSION = YES;
				CLANG_WARN_OBJC_ROOT_CLASS = YES_ERROR;
				CLANG_WARN_QUOTED_INCLUDE_IN_FRAMEWORK_HEADER = YES;
				CLANG_WARN_RANGE_LOOP_ANALYSIS = YES;
				CLANG_WARN_STRICT_PROTOTYPES = YES;
				CLANG_WARN_SUSPICIOUS_MOVE = YES;
				CLANG_WARN_UNGUARDED_AVAILABILITY = YES_AGGRESSIVE;
				CLANG_WARN_UNREACHABLE_CODE = YES;
				CLANG_WARN__DUPLICATE_METHOD_MATCH = YES;
				COPY_PHASE_STRIP = NO;
				DEBUG_INFORMATION_FORMAT = "dwarf-with-dsym";
				ENABLE_NS_ASSERTIONS = NO;
				ENABLE_STRICT_OBJC_MSGSEND = YES;
				GCC_C_LANGUAGE_STANDARD = gnu11;
				GCC_NO_COMMON_BLOCKS = YES;
				GCC_WARN_64_TO_32_BIT_CONVERSION = YES;
				GCC_WARN_ABOUT_RETURN_TYPE = YES_ERROR;
				GCC_WARN_UNDECLARED_SELECTOR = YES;
				GCC_WARN_UNINITIALIZED_AUTOS = YES_AGGRESSIVE;
				GCC_WARN_UNUSED_FUNCTION = YES;
				GCC_WARN_UNUSED_VARIABLE = YES;
				IPHONEOS_DEPLOYMENT_TARGET = 16.4;
				MTL_ENABLE_DEBUG_INFO = NO;
				MTL_FAST_MATH = YES;
				SDKROOT = iphoneos;
				SWIFT_COMPILATION_MODE = wholemodule;
				SWIFT_OPTIMIZATION_LEVEL = "-O";
				VALIDATE_PRODUCT = YES;
			};
			name = Release;
		};
		87612BE62ADBD1E6008A4F42 /* Debug */ = {
			isa = XCBuildConfiguration;
			buildSettings = {
				ASSETCATALOG_COMPILER_APPICON_NAME = AppIcon;
				ASSETCATALOG_COMPILER_GLOBAL_ACCENT_COLOR_NAME = AccentColor;
				CODE_SIGN_STYLE = Automatic;
				CURRENT_PROJECT_VERSION = 1;
				DEVELOPMENT_ASSET_PATHS = "\"Fruits/Preview Content\"";
				DEVELOPMENT_TEAM = 2P5FNS3JAJ;
				ENABLE_PREVIEWS = YES;
				GENERATE_INFOPLIST_FILE = YES;
				INFOPLIST_KEY_UIApplicationSceneManifest_Generation = YES;
				INFOPLIST_KEY_UIApplicationSupportsIndirectInputEvents = YES;
				INFOPLIST_KEY_UILaunchScreen_Generation = YES;
				INFOPLIST_KEY_UISupportedInterfaceOrientations = UIInterfaceOrientationPortrait;
				INFOPLIST_KEY_UISupportedInterfaceOrientations_iPad = "UIInterfaceOrientationLandscapeLeft UIInterfaceOrientationLandscapeRight UIInterfaceOrientationPortrait UIInterfaceOrientationPortraitUpsideDown";
				LD_RUNPATH_SEARCH_PATHS = (
					"$(inherited)",
					"@executable_path/Frameworks",
				);
				MARKETING_VERSION = 1.0;
				PRODUCT_BUNDLE_IDENTIFIER = com.seohyun.iOSApp.Fruits;
				PRODUCT_NAME = "$(TARGET_NAME)";
				SWIFT_EMIT_LOC_STRINGS = YES;
				SWIFT_VERSION = 5.0;
				TARGETED_DEVICE_FAMILY = "1,2";
			};
			name = Debug;
		};
		87612BE72ADBD1E6008A4F42 /* Release */ = {
			isa = XCBuildConfiguration;
			buildSettings = {
				ASSETCATALOG_COMPILER_APPICON_NAME = AppIcon;
				ASSETCATALOG_COMPILER_GLOBAL_ACCENT_COLOR_NAME = AccentColor;
				CODE_SIGN_STYLE = Automatic;
				CURRENT_PROJECT_VERSION = 1;
				DEVELOPMENT_ASSET_PATHS = "\"Fruits/Preview Content\"";
				DEVELOPMENT_TEAM = 2P5FNS3JAJ;
				ENABLE_PREVIEWS = YES;
				GENERATE_INFOPLIST_FILE = YES;
				INFOPLIST_KEY_UIApplicationSceneManifest_Generation = YES;
				INFOPLIST_KEY_UIApplicationSupportsIndirectInputEvents = YES;
				INFOPLIST_KEY_UILaunchScreen_Generation = YES;
				INFOPLIST_KEY_UISupportedInterfaceOrientations = UIInterfaceOrientationPortrait;
				INFOPLIST_KEY_UISupportedInterfaceOrientations_iPad = "UIInterfaceOrientationLandscapeLeft UIInterfaceOrientationLandscapeRight UIInterfaceOrientationPortrait UIInterfaceOrientationPortraitUpsideDown";
				LD_RUNPATH_SEARCH_PATHS = (
					"$(inherited)",
					"@executable_path/Frameworks",
				);
				MARKETING_VERSION = 1.0;
				PRODUCT_BUNDLE_IDENTIFIER = com.seohyun.iOSApp.Fruits;
				PRODUCT_NAME = "$(TARGET_NAME)";
				SWIFT_EMIT_LOC_STRINGS = YES;
				SWIFT_VERSION = 5.0;
				TARGETED_DEVICE_FAMILY = "1,2";
			};
			name = Release;
		};
/* End XCBuildConfiguration section */

/* Begin XCConfigurationList section */
		87612BD22ADBD1E6008A4F42 /* Build configuration list for PBXProject "Fruits" */ = {
			isa = XCConfigurationList;
			buildConfigurations = (
				87612BE32ADBD1E6008A4F42 /* Debug */,
				87612BE42ADBD1E6008A4F42 /* Release */,
			);
			defaultConfigurationIsVisible = 0;
			defaultConfigurationName = Release;
		};
		87612BE52ADBD1E6008A4F42 /* Build configuration list for PBXNativeTarget "Fruits" */ = {
			isa = XCConfigurationList;
			buildConfigurations = (
				87612BE62ADBD1E6008A4F42 /* Debug */,
				87612BE72ADBD1E6008A4F42 /* Release */,
			);
			defaultConfigurationIsVisible = 0;
			defaultConfigurationName = Release;
		};
/* End XCConfigurationList section */
	};
	rootObject = 87612BCF2ADBD1E6008A4F42 /* Project object */;
}
